
Microsoft Visual Studio Solution File, Format Version 12.00
# Visual Studio 14
VisualStudioVersion = 14.0.25420.1
MinimumVisualStudioVersion = 10.0.40219.1
Project("{2150E333-8FDC-42A3-9474-1A3956D46DE8}") = "src", "src", "{ACD17076-6019-4FC0-B575-6C580CCD7BB9}"
EndProject
Project("{2150E333-8FDC-42A3-9474-1A3956D46DE8}") = "Solution Items", "Solution Items", "{5F52BF7F-D7C8-431D-AE20-DA7B88A9EB86}"
	ProjectSection(SolutionItems) = preProject
		global.json = global.json
	EndProjectSection
EndProject
Project("{8BB2217D-0F2D-49D1-97BC-3654ED321F3B}") = "PartyInvites", "src\PartyInvites\PartyInvites.xproj", "{1C4163D1-8F6B-4717-83F3-2767460D7239}"
EndProject
Global
	GlobalSection(SolutionConfigurationPlatforms) = preSolution
		Debug|Any CPU = Debug|Any CPU
		Release|Any CPU = Release|Any CPU
	EndGlobalSection
	GlobalSection(ProjectConfigurationPlatforms) = postSolution
		{1C4163D1-8F6B-4717-83F3-2767460D7239}.Debug|Any CPU.ActiveCfg = Debug|Any CPU
		{1C4163D1-8F6B-4717-83F3-2767460D7239}.Debug|Any CPU.Build.0 = Debug|Any CPU
		{1C4163D1-8F6B-4717-83F3-2767460D7239}.Release|Any CPU.ActiveCfg = Release|Any CPU
		{1C4163D1-8F6B-4717-83F3-2767460D7239}.Release|Any CPU.Build.0 = Release|Any CPU
	EndGlobalSection
	GlobalSection(SolutionProperties) = preSolution
		HideSolutionNode = FALSE
	EndGlobalSection
	GlobalSection(NestedProjects) = preSolution
		{1C4163D1-8F6B-4717-83F3-2767460D7239} = {ACD17076-6019-4FC0-B575-6C580CCD7BB9}
	EndGlobalSection
EndGlobal
